
Microsoft Visual Studio Solution File, Format Version 12.00
# Visual Studio Version 17
VisualStudioVersion = 17.9.34714.143
MinimumVisualStudioVersion = 10.0.40219.1
Project("{9A19103F-16F7-4668-BE54-9A1E7A4F7556}") = "RentalService", "RentalService\RentalService.csproj", "{2CC36F4B-24FE-449F-AED4-8CED62B86FDE}"
EndProject
Project("{9A19103F-16F7-4668-BE54-9A1E7A4F7556}") = "AdminWinForm", "AdminWinForm\AdminWinForm.csproj", "{D715DD48-4EAE-4B27-A1C1-688EC34C211E}"
EndProject
Project("{9A19103F-16F7-4668-BE54-9A1E7A4F7556}") = "RentAppMVC", "RentAppMVC\RentAppMVC.csproj", "{39A98A72-CB36-4233-85A5-77C2613D8D13}"
EndProject
Project("{FAE04EC0-301F-11D3-BF4B-00C04F79EFBC}") = "TestXUnit", "TestXUnit\TestXUnit.csproj", "{18BB36C4-DF07-4566-8115-818DD52A1193}"
EndProject
Global
	GlobalSection(SolutionConfigurationPlatforms) = preSolution
		Debug|Any CPU = Debug|Any CPU
		Release|Any CPU = Release|Any CPU
	EndGlobalSection
	GlobalSection(ProjectConfigurationPlatforms) = postSolution
		{2CC36F4B-24FE-449F-AED4-8CED62B86FDE}.Debug|Any CPU.ActiveCfg = Debug|Any CPU
		{2CC36F4B-24FE-449F-AED4-8CED62B86FDE}.Debug|Any CPU.Build.0 = Debug|Any CPU
		{2CC36F4B-24FE-449F-AED4-8CED62B86FDE}.Release|Any CPU.ActiveCfg = Release|Any CPU
		{2CC36F4B-24FE-449F-AED4-8CED62B86FDE}.Release|Any CPU.Build.0 = Release|Any CPU
		{D715DD48-4EAE-4B27-A1C1-688EC34C211E}.Debug|Any CPU.ActiveCfg = Debug|Any CPU
		{D715DD48-4EAE-4B27-A1C1-688EC34C211E}.Debug|Any CPU.Build.0 = Debug|Any CPU
		{D715DD48-4EAE-4B27-A1C1-688EC34C211E}.Release|Any CPU.ActiveCfg = Release|Any CPU
		{D715DD48-4EAE-4B27-A1C1-688EC34C211E}.Release|Any CPU.Build.0 = Release|Any CPU
		{39A98A72-CB36-4233-85A5-77C2613D8D13}.Debug|Any CPU.ActiveCfg = Debug|Any CPU
		{39A98A72-CB36-4233-85A5-77C2613D8D13}.Debug|Any CPU.Build.0 = Debug|Any CPU
		{39A98A72-CB36-4233-85A5-77C2613D8D13}.Release|Any CPU.ActiveCfg = Release|Any CPU
		{39A98A72-CB36-4233-85A5-77C2613D8D13}.Release|Any CPU.Build.0 = Release|Any CPU
		{18BB36C4-DF07-4566-8115-818DD52A1193}.Debug|Any CPU.ActiveCfg = Debug|Any CPU
		{18BB36C4-DF07-4566-8115-818DD52A1193}.Debug|Any CPU.Build.0 = Debug|Any CPU
		{18BB36C4-DF07-4566-8115-818DD52A1193}.Release|Any CPU.ActiveCfg = Release|Any CPU
		{18BB36C4-DF07-4566-8115-818DD52A1193}.Release|Any CPU.Build.0 = Release|Any CPU
	EndGlobalSection
	GlobalSection(SolutionProperties) = preSolution
		HideSolutionNode = FALSE
	EndGlobalSection
	GlobalSection(ExtensibilityGlobals) = postSolution
		SolutionGuid = {4EB1AB5A-B9A8-4324-A7F1-11B2D0C4E091}
	EndGlobalSection
EndGlobal
